
Microsoft Visual Studio Solution File, Format Version 12.00
# Visual Studio Version 16
VisualStudioVersion = 16.0.31402.337
MinimumVisualStudioVersion = 10.0.40219.1
Project("{9A19103F-16F7-4668-BE54-9A1E7A4F7556}") = "TestAutomation.Framework", "TestAutomation.Framework\TestAutomation.Framework.csproj", "{CD427C49-F0F5-46CD-8CE9-993EE025691D}"
EndProject
Project("{9A19103F-16F7-4668-BE54-9A1E7A4F7556}") = "TestAutomation.Report", "TestAutomation.Report\TestAutomation.Report.csproj", "{31827DE7-14EF-4089-962A-3137566F4E08}"
EndProject
Project("{9A19103F-16F7-4668-BE54-9A1E7A4F7556}") = "TestAutomation.Configuration", "TestAutomation.Configuration\TestAutomation.Configuration.csproj", "{469EFF7F-9803-4579-8800-3BD2118BF201}"
EndProject
Project("{9A19103F-16F7-4668-BE54-9A1E7A4F7556}") = "TestAutomation.ApiManager", "TestAutomation.ApiManager\TestAutomation.ApiManager.csproj", "{D93B3FD6-70CF-401E-83DF-2F5316530A98}"
EndProject
Project("{9A19103F-16F7-4668-BE54-9A1E7A4F7556}") = "TestAutomation.TestCases", "TestAutomation.TestCases\TestAutomation.TestCases.csproj", "{80C8C001-6FDA-4D10-9B49-DC369593DF13}"
EndProject
Project("{FAE04EC0-301F-11D3-BF4B-00C04F79EFBC}") = "TestAutomation.Pages.Demoqa", "TestAutomation.Pages.Demoqa\TestAutomation.Pages.Demoqa.csproj", "{6C61466E-EA26-4F0F-9803-EC4EF23B811F}"
EndProject
Global
	GlobalSection(SolutionConfigurationPlatforms) = preSolution
		Debug|Any CPU = Debug|Any CPU
		Release|Any CPU = Release|Any CPU
	EndGlobalSection
	GlobalSection(ProjectConfigurationPlatforms) = postSolution
		{CD427C49-F0F5-46CD-8CE9-993EE025691D}.Debug|Any CPU.ActiveCfg = Debug|Any CPU
		{CD427C49-F0F5-46CD-8CE9-993EE025691D}.Debug|Any CPU.Build.0 = Debug|Any CPU
		{CD427C49-F0F5-46CD-8CE9-993EE025691D}.Release|Any CPU.ActiveCfg = Release|Any CPU
		{CD427C49-F0F5-46CD-8CE9-993EE025691D}.Release|Any CPU.Build.0 = Release|Any CPU
		{31827DE7-14EF-4089-962A-3137566F4E08}.Debug|Any CPU.ActiveCfg = Debug|Any CPU
		{31827DE7-14EF-4089-962A-3137566F4E08}.Debug|Any CPU.Build.0 = Debug|Any CPU
		{31827DE7-14EF-4089-962A-3137566F4E08}.Release|Any CPU.ActiveCfg = Release|Any CPU
		{31827DE7-14EF-4089-962A-3137566F4E08}.Release|Any CPU.Build.0 = Release|Any CPU
		{469EFF7F-9803-4579-8800-3BD2118BF201}.Debug|Any CPU.ActiveCfg = Debug|Any CPU
		{469EFF7F-9803-4579-8800-3BD2118BF201}.Debug|Any CPU.Build.0 = Debug|Any CPU
		{469EFF7F-9803-4579-8800-3BD2118BF201}.Release|Any CPU.ActiveCfg = Release|Any CPU
		{469EFF7F-9803-4579-8800-3BD2118BF201}.Release|Any CPU.Build.0 = Release|Any CPU
		{D93B3FD6-70CF-401E-83DF-2F5316530A98}.Debug|Any CPU.ActiveCfg = Debug|Any CPU
		{D93B3FD6-70CF-401E-83DF-2F5316530A98}.Debug|Any CPU.Build.0 = Debug|Any CPU
		{D93B3FD6-70CF-401E-83DF-2F5316530A98}.Release|Any CPU.ActiveCfg = Release|Any CPU
		{D93B3FD6-70CF-401E-83DF-2F5316530A98}.Release|Any CPU.Build.0 = Release|Any CPU
		{80C8C001-6FDA-4D10-9B49-DC369593DF13}.Debug|Any CPU.ActiveCfg = Debug|Any CPU
		{80C8C001-6FDA-4D10-9B49-DC369593DF13}.Debug|Any CPU.Build.0 = Debug|Any CPU
		{80C8C001-6FDA-4D10-9B49-DC369593DF13}.Release|Any CPU.ActiveCfg = Release|Any CPU
		{80C8C001-6FDA-4D10-9B49-DC369593DF13}.Release|Any CPU.Build.0 = Release|Any CPU
		{6C61466E-EA26-4F0F-9803-EC4EF23B811F}.Debug|Any CPU.ActiveCfg = Debug|Any CPU
		{6C61466E-EA26-4F0F-9803-EC4EF23B811F}.Debug|Any CPU.Build.0 = Debug|Any CPU
		{6C61466E-EA26-4F0F-9803-EC4EF23B811F}.Release|Any CPU.ActiveCfg = Release|Any CPU
		{6C61466E-EA26-4F0F-9803-EC4EF23B811F}.Release|Any CPU.Build.0 = Release|Any CPU
	EndGlobalSection
	GlobalSection(SolutionProperties) = preSolution
		HideSolutionNode = FALSE
	EndGlobalSection
	GlobalSection(ExtensibilityGlobals) = postSolution
		SolutionGuid = {392A8552-6275-4D30-A652-D7E3A52EF24E}
	EndGlobalSection
EndGlobal
